
Microsoft Visual Studio Solution File, Format Version 12.00
# Visual Studio Version 17
VisualStudioVersion = 17.1.32407.343
MinimumVisualStudioVersion = 10.0.40219.1
Project("{FAE04EC0-301F-11D3-BF4B-00C04F79EFBC}") = "WebAPI", "WebAPI\WebAPI.csproj", "{67E7B967-BFB5-4EE0-A142-2D4AEC9B50F5}"
EndProject
Project("{FAE04EC0-301F-11D3-BF4B-00C04F79EFBC}") = "WebApi.IRepository", "IRepository\WebApi.IRepository.csproj", "{BF476463-5DD4-4EA2-9E9E-D4A3E55735EC}"
EndProject
Project("{FAE04EC0-301F-11D3-BF4B-00C04F79EFBC}") = "WebApi.Repository", "Repository\WebApi.Repository.csproj", "{E36FABC3-5B9B-4011-B2ED-75394460A068}"
EndProject
Project("{FAE04EC0-301F-11D3-BF4B-00C04F79EFBC}") = "WebApi.IService", "IService\WebApi.IService.csproj", "{9EADF015-4B02-49FE-AF3F-BB0D4963CD72}"
EndProject
Project("{FAE04EC0-301F-11D3-BF4B-00C04F79EFBC}") = "WebApi.Service", "Service\WebApi.Service.csproj", "{7E8C5062-4FE4-4614-B8E4-A0A07ACB8145}"
EndProject
Project("{FAE04EC0-301F-11D3-BF4B-00C04F79EFBC}") = "WebApi.UtilityApi", "UtilityApi\WebApi.UtilityApi.csproj", "{A93E1726-07AE-48DD-B148-390DC6304B22}"
EndProject
Project("{FAE04EC0-301F-11D3-BF4B-00C04F79EFBC}") = "WebApi.Entity", "Entity\WebApi.Entity.csproj", "{0B64AF80-06F2-4B36-8892-38756BF611FA}"
EndProject
Global
	GlobalSection(SolutionConfigurationPlatforms) = preSolution
		Debug|Any CPU = Debug|Any CPU
		Debug|ARM = Debug|ARM
		Debug|ARM64 = Debug|ARM64
		Debug|x64 = Debug|x64
		Debug|x86 = Debug|x86
		Release|Any CPU = Release|Any CPU
		Release|ARM = Release|ARM
		Release|ARM64 = Release|ARM64
		Release|x64 = Release|x64
		Release|x86 = Release|x86
	EndGlobalSection
	GlobalSection(ProjectConfigurationPlatforms) = postSolution
		{67E7B967-BFB5-4EE0-A142-2D4AEC9B50F5}.Debug|Any CPU.ActiveCfg = Debug|Any CPU
		{67E7B967-BFB5-4EE0-A142-2D4AEC9B50F5}.Debug|Any CPU.Build.0 = Debug|Any CPU
		{67E7B967-BFB5-4EE0-A142-2D4AEC9B50F5}.Debug|ARM.ActiveCfg = Debug|Any CPU
		{67E7B967-BFB5-4EE0-A142-2D4AEC9B50F5}.Debug|ARM.Build.0 = Debug|Any CPU
		{67E7B967-BFB5-4EE0-A142-2D4AEC9B50F5}.Debug|ARM64.ActiveCfg = Debug|Any CPU
		{67E7B967-BFB5-4EE0-A142-2D4AEC9B50F5}.Debug|ARM64.Build.0 = Debug|Any CPU
		{67E7B967-BFB5-4EE0-A142-2D4AEC9B50F5}.Debug|x64.ActiveCfg = Debug|Any CPU
		{67E7B967-BFB5-4EE0-A142-2D4AEC9B50F5}.Debug|x64.Build.0 = Debug|Any CPU
		{67E7B967-BFB5-4EE0-A142-2D4AEC9B50F5}.Debug|x86.ActiveCfg = Debug|Any CPU
		{67E7B967-BFB5-4EE0-A142-2D4AEC9B50F5}.Debug|x86.Build.0 = Debug|Any CPU
		{67E7B967-BFB5-4EE0-A142-2D4AEC9B50F5}.Release|Any CPU.ActiveCfg = Release|Any CPU
		{67E7B967-BFB5-4EE0-A142-2D4AEC9B50F5}.Release|Any CPU.Build.0 = Release|Any CPU
		{67E7B967-BFB5-4EE0-A142-2D4AEC9B50F5}.Release|ARM.ActiveCfg = Release|Any CPU
		{67E7B967-BFB5-4EE0-A142-2D4AEC9B50F5}.Release|ARM.Build.0 = Release|Any CPU
		{67E7B967-BFB5-4EE0-A142-2D4AEC9B50F5}.Release|ARM64.ActiveCfg = Release|Any CPU
		{67E7B967-BFB5-4EE0-A142-2D4AEC9B50F5}.Release|ARM64.Build.0 = Release|Any CPU
		{67E7B967-BFB5-4EE0-A142-2D4AEC9B50F5}.Release|x64.ActiveCfg = Release|Any CPU
		{67E7B967-BFB5-4EE0-A142-2D4AEC9B50F5}.Release|x64.Build.0 = Release|Any CPU
		{67E7B967-BFB5-4EE0-A142-2D4AEC9B50F5}.Release|x86.ActiveCfg = Release|Any CPU
		{67E7B967-BFB5-4EE0-A142-2D4AEC9B50F5}.Release|x86.Build.0 = Release|Any CPU
		{BF476463-5DD4-4EA2-9E9E-D4A3E55735EC}.Debug|Any CPU.ActiveCfg = Debug|Any CPU
		{BF476463-5DD4-4EA2-9E9E-D4A3E55735EC}.Debug|Any CPU.Build.0 = Debug|Any CPU
		{BF476463-5DD4-4EA2-9E9E-D4A3E55735EC}.Debug|ARM.ActiveCfg = Debug|Any CPU
		{BF476463-5DD4-4EA2-9E9E-D4A3E55735EC}.Debug|ARM.Build.0 = Debug|Any CPU
		{BF476463-5DD4-4EA2-9E9E-D4A3E55735EC}.Debug|ARM64.ActiveCfg = Debug|Any CPU
		{BF476463-5DD4-4EA2-9E9E-D4A3E55735EC}.Debug|ARM64.Build.0 = Debug|Any CPU
		{BF476463-5DD4-4EA2-9E9E-D4A3E55735EC}.Debug|x64.ActiveCfg = Debug|Any CPU
		{BF476463-5DD4-4EA2-9E9E-D4A3E55735EC}.Debug|x64.Build.0 = Debug|Any CPU
		{BF476463-5DD4-4EA2-9E9E-D4A3E55735EC}.Debug|x86.ActiveCfg = Debug|Any CPU
		{BF476463-5DD4-4EA2-9E9E-D4A3E55735EC}.Debug|x86.Build.0 = Debug|Any CPU
		{BF476463-5DD4-4EA2-9E9E-D4A3E55735EC}.Release|Any CPU.ActiveCfg = Release|Any CPU
		{BF476463-5DD4-4EA2-9E9E-D4A3E55735EC}.Release|Any CPU.Build.0 = Release|Any CPU
		{BF476463-5DD4-4EA2-9E9E-D4A3E55735EC}.Release|ARM.ActiveCfg = Release|Any CPU
		{BF476463-5DD4-4EA2-9E9E-D4A3E55735EC}.Release|ARM.Build.0 = Release|Any CPU
		{BF476463-5DD4-4EA2-9E9E-D4A3E55735EC}.Release|ARM64.ActiveCfg = Release|Any CPU
		{BF476463-5DD4-4EA2-9E9E-D4A3E55735EC}.Release|ARM64.Build.0 = Release|Any CPU
		{BF476463-5DD4-4EA2-9E9E-D4A3E55735EC}.Release|x64.ActiveCfg = Release|Any CPU
		{BF476463-5DD4-4EA2-9E9E-D4A3E55735EC}.Release|x64.Build.0 = Release|Any CPU
		{BF476463-5DD4-4EA2-9E9E-D4A3E55735EC}.Release|x86.ActiveCfg = Release|Any CPU
		{BF476463-5DD4-4EA2-9E9E-D4A3E55735EC}.Release|x86.Build.0 = Release|Any CPU
		{E36FABC3-5B9B-4011-B2ED-75394460A068}.Debug|Any CPU.ActiveCfg = Debug|Any CPU
		{E36FABC3-5B9B-4011-B2ED-75394460A068}.Debug|Any CPU.Build.0 = Debug|Any CPU
		{E36FABC3-5B9B-4011-B2ED-75394460A068}.Debug|ARM.ActiveCfg = Debug|Any CPU
		{E36FABC3-5B9B-4011-B2ED-75394460A068}.Debug|ARM.Build.0 = Debug|Any CPU
		{E36FABC3-5B9B-4011-B2ED-75394460A068}.Debug|ARM64.ActiveCfg = Debug|Any CPU
		{E36FABC3-5B9B-4011-B2ED-75394460A068}.Debug|ARM64.Build.0 = Debug|Any CPU
		{E36FABC3-5B9B-4011-B2ED-75394460A068}.Debug|x64.ActiveCfg = Debug|Any CPU
		{E36FABC3-5B9B-4011-B2ED-75394460A068}.Debug|x64.Build.0 = Debug|Any CPU
		{E36FABC3-5B9B-4011-B2ED-75394460A068}.Debug|x86.ActiveCfg = Debug|Any CPU
		{E36FABC3-5B9B-4011-B2ED-75394460A068}.Debug|x86.Build.0 = Debug|Any CPU
		{E36FABC3-5B9B-4011-B2ED-75394460A068}.Release|Any CPU.ActiveCfg = Release|Any CPU
		{E36FABC3-5B9B-4011-B2ED-75394460A068}.Release|Any CPU.Build.0 = Release|Any CPU
		{E36FABC3-5B9B-4011-B2ED-75394460A068}.Release|ARM.ActiveCfg = Release|Any CPU
		{E36FABC3-5B9B-4011-B2ED-75394460A068}.Release|ARM.Build.0 = Release|Any CPU
		{E36FABC3-5B9B-4011-B2ED-75394460A068}.Release|ARM64.ActiveCfg = Release|Any CPU
		{E36FABC3-5B9B-4011-B2ED-75394460A068}.Release|ARM64.Build.0 = Release|Any CPU
		{E36FABC3-5B9B-4011-B2ED-75394460A068}.Release|x64.ActiveCfg = Release|Any CPU
		{E36FABC3-5B9B-4011-B2ED-75394460A068}.Release|x64.Build.0 = Release|Any CPU
		{E36FABC3-5B9B-4011-B2ED-75394460A068}.Release|x86.ActiveCfg = Release|Any CPU
		{E36FABC3-5B9B-4011-B2ED-75394460A068}.Release|x86.Build.0 = Release|Any CPU
		{9EADF015-4B02-49FE-AF3F-BB0D4963CD72}.Debug|Any CPU.ActiveCfg = Debug|Any CPU
		{9EADF015-4B02-49FE-AF3F-BB0D4963CD72}.Debug|Any CPU.Build.0 = Debug|Any CPU
		{9EADF015-4B02-49FE-AF3F-BB0D4963CD72}.Debug|ARM.ActiveCfg = Debug|Any CPU
		{9EADF015-4B02-49FE-AF3F-BB0D4963CD72}.Debug|ARM.Build.0 = Debug|Any CPU
		{9EADF015-4B02-49FE-AF3F-BB0D4963CD72}.Debug|ARM64.ActiveCfg = Debug|Any CPU
		{9EADF015-4B02-49FE-AF3F-BB0D4963CD72}.Debug|ARM64.Build.0 = Debug|Any CPU
		{9EADF015-4B02-49FE-AF3F-BB0D4963CD72}.Debug|x64.ActiveCfg = Debug|Any CPU
		{9EADF015-4B02-49FE-AF3F-BB0D4963CD72}.Debug|x64.Build.0 = Debug|Any CPU
		{9EADF015-4B02-49FE-AF3F-BB0D4963CD72}.Debug|x86.ActiveCfg = Debug|Any CPU
		{9EADF015-4B02-49FE-AF3F-BB0D4963CD72}.Debug|x86.Build.0 = Debug|Any CPU
		{9EADF015-4B02-49FE-AF3F-BB0D4963CD72}.Release|Any CPU.ActiveCfg = Release|Any CPU
		{9EADF015-4B02-49FE-AF3F-BB0D4963CD72}.Release|Any CPU.Build.0 = Release|Any CPU
		{9EADF015-4B02-49FE-AF3F-BB0D4963CD72}.Release|ARM.ActiveCfg = Release|Any CPU
		{9EADF015-4B02-49FE-AF3F-BB0D4963CD72}.Release|ARM.Build.0 = Release|Any CPU
		{9EADF015-4B02-49FE-AF3F-BB0D4963CD72}.Release|ARM64.ActiveCfg = Release|Any CPU
		{9EADF015-4B02-49FE-AF3F-BB0D4963CD72}.Release|ARM64.Build.0 = Release|Any CPU
		{9EADF015-4B02-49FE-AF3F-BB0D4963CD72}.Release|x64.ActiveCfg = Release|Any CPU
		{9EADF015-4B02-49FE-AF3F-BB0D4963CD72}.Release|x64.Build.0 = Release|Any CPU
		{9EADF015-4B02-49FE-AF3F-BB0D4963CD72}.Release|x86.ActiveCfg = Release|Any CPU
		{9EADF015-4B02-49FE-AF3F-BB0D4963CD72}.Release|x86.Build.0 = Release|Any CPU
		{7E8C5062-4FE4-4614-B8E4-A0A07ACB8145}.Debug|Any CPU.ActiveCfg = Debug|Any CPU
		{7E8C5062-4FE4-4614-B8E4-A0A07ACB8145}.Debug|Any CPU.Build.0 = Debug|Any CPU
		{7E8C5062-4FE4-4614-B8E4-A0A07ACB8145}.Debug|ARM.ActiveCfg = Debug|Any CPU
		{7E8C5062-4FE4-4614-B8E4-A0A07ACB8145}.Debug|ARM.Build.0 = Debug|Any CPU
		{7E8C5062-4FE4-4614-B8E4-A0A07ACB8145}.Debug|ARM64.ActiveCfg = Debug|Any CPU
		{7E8C5062-4FE4-4614-B8E4-A0A07ACB8145}.Debug|ARM64.Build.0 = Debug|Any CPU
		{7E8C5062-4FE4-4614-B8E4-A0A07ACB8145}.Debug|x64.ActiveCfg = Debug|Any CPU
		{7E8C5062-4FE4-4614-B8E4-A0A07ACB8145}.Debug|x64.Build.0 = Debug|Any CPU
		{7E8C5062-4FE4-4614-B8E4-A0A07ACB8145}.Debug|x86.ActiveCfg = Debug|Any CPU
		{7E8C5062-4FE4-4614-B8E4-A0A07ACB8145}.Debug|x86.Build.0 = Debug|Any CPU
		{7E8C5062-4FE4-4614-B8E4-A0A07ACB8145}.Release|Any CPU.ActiveCfg = Release|Any CPU
		{7E8C5062-4FE4-4614-B8E4-A0A07ACB8145}.Release|Any CPU.Build.0 = Release|Any CPU
		{7E8C5062-4FE4-4614-B8E4-A0A07ACB8145}.Release|ARM.ActiveCfg = Release|Any CPU
		{7E8C5062-4FE4-4614-B8E4-A0A07ACB8145}.Release|ARM.Build.0 = Release|Any CPU
		{7E8C5062-4FE4-4614-B8E4-A0A07ACB8145}.Release|ARM64.ActiveCfg = Release|Any CPU
		{7E8C5062-4FE4-4614-B8E4-A0A07ACB8145}.Release|ARM64.Build.0 = Release|Any CPU
		{7E8C5062-4FE4-4614-B8E4-A0A07ACB8145}.Release|x64.ActiveCfg = Release|Any CPU
		{7E8C5062-4FE4-4614-B8E4-A0A07ACB8145}.Release|x64.Build.0 = Release|Any CPU
		{7E8C5062-4FE4-4614-B8E4-A0A07ACB8145}.Release|x86.ActiveCfg = Release|Any CPU
		{7E8C5062-4FE4-4614-B8E4-A0A07ACB8145}.Release|x86.Build.0 = Release|Any CPU
		{A93E1726-07AE-48DD-B148-390DC6304B22}.Debug|Any CPU.ActiveCfg = Debug|Any CPU
		{A93E1726-07AE-48DD-B148-390DC6304B22}.Debug|Any CPU.Build.0 = Debug|Any CPU
		{A93E1726-07AE-48DD-B148-390DC6304B22}.Debug|ARM.ActiveCfg = Debug|Any CPU
		{A93E1726-07AE-48DD-B148-390DC6304B22}.Debug|ARM.Build.0 = Debug|Any CPU
		{A93E1726-07AE-48DD-B148-390DC6304B22}.Debug|ARM64.ActiveCfg = Debug|Any CPU
		{A93E1726-07AE-48DD-B148-390DC6304B22}.Debug|ARM64.Build.0 = Debug|Any CPU
		{A93E1726-07AE-48DD-B148-390DC6304B22}.Debug|x64.ActiveCfg = Debug|Any CPU
		{A93E1726-07AE-48DD-B148-390DC6304B22}.Debug|x64.Build.0 = Debug|Any CPU
		{A93E1726-07AE-48DD-B148-390DC6304B22}.Debug|x86.ActiveCfg = Debug|Any CPU
		{A93E1726-07AE-48DD-B148-390DC6304B22}.Debug|x86.Build.0 = Debug|Any CPU
		{A93E1726-07AE-48DD-B148-390DC6304B22}.Release|Any CPU.ActiveCfg = Release|Any CPU
		{A93E1726-07AE-48DD-B148-390DC6304B22}.Release|Any CPU.Build.0 = Release|Any CPU
		{A93E1726-07AE-48DD-B148-390DC6304B22}.Release|ARM.ActiveCfg = Release|Any CPU
		{A93E1726-07AE-48DD-B148-390DC6304B22}.Release|ARM.Build.0 = Release|Any CPU
		{A93E1726-07AE-48DD-B148-390DC6304B22}.Release|ARM64.ActiveCfg = Release|Any CPU
		{A93E1726-07AE-48DD-B148-390DC6304B22}.Release|ARM64.Build.0 = Release|Any CPU
		{A93E1726-07AE-48DD-B148-390DC6304B22}.Release|x64.ActiveCfg = Release|Any CPU
		{A93E1726-07AE-48DD-B148-390DC6304B22}.Release|x64.Build.0 = Release|Any CPU
		{A93E1726-07AE-48DD-B148-390DC6304B22}.Release|x86.ActiveCfg = Release|Any CPU
		{A93E1726-07AE-48DD-B148-390DC6304B22}.Release|x86.Build.0 = Release|Any CPU
		{0B64AF80-06F2-4B36-8892-38756BF611FA}.Debug|Any CPU.ActiveCfg = Debug|Any CPU
		{0B64AF80-06F2-4B36-8892-38756BF611FA}.Debug|Any CPU.Build.0 = Debug|Any CPU
		{0B64AF80-06F2-4B36-8892-38756BF611FA}.Debug|ARM.ActiveCfg = Debug|Any CPU
		{0B64AF80-06F2-4B36-8892-38756BF611FA}.Debug|ARM.Build.0 = Debug|Any CPU
		{0B64AF80-06F2-4B36-8892-38756BF611FA}.Debug|ARM64.ActiveCfg = Debug|Any CPU
		{0B64AF80-06F2-4B36-8892-38756BF611FA}.Debug|ARM64.Build.0 = Debug|Any CPU
		{0B64AF80-06F2-4B36-8892-38756BF611FA}.Debug|x64.ActiveCfg = Debug|Any CPU
		{0B64AF80-06F2-4B36-8892-38756BF611FA}.Debug|x64.Build.0 = Debug|Any CPU
		{0B64AF80-06F2-4B36-8892-38756BF611FA}.Debug|x86.ActiveCfg = Debug|Any CPU
		{0B64AF80-06F2-4B36-8892-38756BF611FA}.Debug|x86.Build.0 = Debug|Any CPU
		{0B64AF80-06F2-4B36-8892-38756BF611FA}.Release|Any CPU.ActiveCfg = Release|Any CPU
		{0B64AF80-06F2-4B36-8892-38756BF611FA}.Release|Any CPU.Build.0 = Release|Any CPU
		{0B64AF80-06F2-4B36-8892-38756BF611FA}.Release|ARM.ActiveCfg = Release|Any CPU
		{0B64AF80-06F2-4B36-8892-38756BF611FA}.Release|ARM.Build.0 = Release|Any CPU
		{0B64AF80-06F2-4B36-8892-38756BF611FA}.Release|ARM64.ActiveCfg = Release|Any CPU
		{0B64AF80-06F2-4B36-8892-38756BF611FA}.Release|ARM64.Build.0 = Release|Any CPU
		{0B64AF80-06F2-4B36-8892-38756BF611FA}.Release|x64.ActiveCfg = Release|Any CPU
		{0B64AF80-06F2-4B36-8892-38756BF611FA}.Release|x64.Build.0 = Release|Any CPU
		{0B64AF80-06F2-4B36-8892-38756BF611FA}.Release|x86.ActiveCfg = Release|Any CPU
		{0B64AF80-06F2-4B36-8892-38756BF611FA}.Release|x86.Build.0 = Release|Any CPU
	EndGlobalSection
	GlobalSection(SolutionProperties) = preSolution
		HideSolutionNode = FALSE
	EndGlobalSection
	GlobalSection(ExtensibilityGlobals) = postSolution
		SolutionGuid = {097F400C-7FD9-4FD3-B8C8-8A8A70B0F4C1}
	EndGlobalSection
EndGlobal
